
Microsoft Visual Studio Solution File, Format Version 12.00
# Visual Studio Version 17
VisualStudioVersion = 17.6.33815.320
MinimumVisualStudioVersion = 10.0.40219.1
Project("{FAE04EC0-301F-11D3-BF4B-00C04F79EFBC}") = "DemoAppXParte2.Android", "DemoAppXParte2\DemoAppXParte2.Android\DemoAppXParte2.Android.csproj", "{3CD261E8-A20C-45E3-93E2-6600615D1330}"
EndProject
Project("{FAE04EC0-301F-11D3-BF4B-00C04F79EFBC}") = "DemoAppXParte2", "DemoAppXParte2\DemoAppXParte2\DemoAppXParte2.csproj", "{80BE8E01-D7C7-4E9F-B3F0-892F0BE8C24E}"
EndProject
Global
	GlobalSection(SolutionConfigurationPlatforms) = preSolution
		Debug|Any CPU = Debug|Any CPU
		Release|Any CPU = Release|Any CPU
	EndGlobalSection
	GlobalSection(ProjectConfigurationPlatforms) = postSolution
		{3CD261E8-A20C-45E3-93E2-6600615D1330}.Debug|Any CPU.ActiveCfg = Debug|Any CPU
		{3CD261E8-A20C-45E3-93E2-6600615D1330}.Debug|Any CPU.Build.0 = Debug|Any CPU
		{3CD261E8-A20C-45E3-93E2-6600615D1330}.Debug|Any CPU.Deploy.0 = Debug|Any CPU
		{3CD261E8-A20C-45E3-93E2-6600615D1330}.Release|Any CPU.ActiveCfg = Release|Any CPU
		{3CD261E8-A20C-45E3-93E2-6600615D1330}.Release|Any CPU.Build.0 = Release|Any CPU
		{3CD261E8-A20C-45E3-93E2-6600615D1330}.Release|Any CPU.Deploy.0 = Release|Any CPU
		{80BE8E01-D7C7-4E9F-B3F0-892F0BE8C24E}.Debug|Any CPU.ActiveCfg = Debug|Any CPU
		{80BE8E01-D7C7-4E9F-B3F0-892F0BE8C24E}.Debug|Any CPU.Build.0 = Debug|Any CPU
		{80BE8E01-D7C7-4E9F-B3F0-892F0BE8C24E}.Debug|Any CPU.Deploy.0 = Debug|Any CPU
		{80BE8E01-D7C7-4E9F-B3F0-892F0BE8C24E}.Release|Any CPU.ActiveCfg = Release|Any CPU
		{80BE8E01-D7C7-4E9F-B3F0-892F0BE8C24E}.Release|Any CPU.Build.0 = Release|Any CPU
		{80BE8E01-D7C7-4E9F-B3F0-892F0BE8C24E}.Release|Any CPU.Deploy.0 = Release|Any CPU
	EndGlobalSection
	GlobalSection(SolutionProperties) = preSolution
		HideSolutionNode = FALSE
	EndGlobalSection
	GlobalSection(ExtensibilityGlobals) = postSolution
		SolutionGuid = {7398C3DF-4F16-4A69-8AD2-B4522B5A33EA}
	EndGlobalSection
EndGlobal
